
Microsoft Visual Studio Solution File, Format Version 12.00
# Visual Studio Version 17
VisualStudioVersion = 17.7.34024.191
MinimumVisualStudioVersion = 10.0.40219.1
Project("{9A19103F-16F7-4668-BE54-9A1E7A4F7556}") = "TopLearn.Core", "TopLearn.Core\TopLearn.Core.csproj", "{FBF37970-913C-409B-9F76-ABBF582CF570}"
EndProject
Project("{9A19103F-16F7-4668-BE54-9A1E7A4F7556}") = "TopLearn.DataLayeer", "TopLearn.DataLayeer\TopLearn.DataLayeer.csproj", "{DE74A843-627B-4273-9362-3D6CC1F568B5}"
EndProject
Project("{9A19103F-16F7-4668-BE54-9A1E7A4F7556}") = "TopLearn.Wab", "TopLearn.Wab\TopLearn.Wab.csproj", "{268FAA8F-2EDC-4EDC-8926-5A55F5D16AA3}"
EndProject
Global
	GlobalSection(SolutionConfigurationPlatforms) = preSolution
		Debug|Any CPU = Debug|Any CPU
		Release|Any CPU = Release|Any CPU
	EndGlobalSection
	GlobalSection(ProjectConfigurationPlatforms) = postSolution
		{FBF37970-913C-409B-9F76-ABBF582CF570}.Debug|Any CPU.ActiveCfg = Debug|Any CPU
		{FBF37970-913C-409B-9F76-ABBF582CF570}.Debug|Any CPU.Build.0 = Debug|Any CPU
		{FBF37970-913C-409B-9F76-ABBF582CF570}.Release|Any CPU.ActiveCfg = Release|Any CPU
		{FBF37970-913C-409B-9F76-ABBF582CF570}.Release|Any CPU.Build.0 = Release|Any CPU
		{DE74A843-627B-4273-9362-3D6CC1F568B5}.Debug|Any CPU.ActiveCfg = Debug|Any CPU
		{DE74A843-627B-4273-9362-3D6CC1F568B5}.Debug|Any CPU.Build.0 = Debug|Any CPU
		{DE74A843-627B-4273-9362-3D6CC1F568B5}.Release|Any CPU.ActiveCfg = Release|Any CPU
		{DE74A843-627B-4273-9362-3D6CC1F568B5}.Release|Any CPU.Build.0 = Release|Any CPU
		{268FAA8F-2EDC-4EDC-8926-5A55F5D16AA3}.Debug|Any CPU.ActiveCfg = Debug|Any CPU
		{268FAA8F-2EDC-4EDC-8926-5A55F5D16AA3}.Debug|Any CPU.Build.0 = Debug|Any CPU
		{268FAA8F-2EDC-4EDC-8926-5A55F5D16AA3}.Release|Any CPU.ActiveCfg = Release|Any CPU
		{268FAA8F-2EDC-4EDC-8926-5A55F5D16AA3}.Release|Any CPU.Build.0 = Release|Any CPU
	EndGlobalSection
	GlobalSection(SolutionProperties) = preSolution
		HideSolutionNode = FALSE
	EndGlobalSection
	GlobalSection(ExtensibilityGlobals) = postSolution
		SolutionGuid = {5A56C9F0-04B9-41B7-B9D9-7A75B362C891}
	EndGlobalSection
EndGlobal
